lockfileVersion: 5.3

specifiers:
  '@messageformat/cli': ^3.0.1
  '@messageformat/core': ^3.0.0

dependencies:
  '@messageformat/cli': 3.0.1_@messageformat+core@3.0.0
  '@messageformat/core': 3.0.0

packages:

  /@messageformat/cli/3.0.1_@messageformat+core@3.0.0:
    resolution: {integrity: sha512-g1mIjYFctte4PZ3rUDJCRrOqfrnaAfiiNsDn1iIMTYfwM66zJq6FNai40Z0U3A/4YWsRm/HH4EAb+Ml6BTdSyQ==}
    engines: {node: '>=6.0'}
    hasBin: true
    peerDependencies:
      '@messageformat/core': ^3.0.0
    dependencies:
      '@messageformat/core': 3.0.0
      dot-properties: 1.0.1
      glob: 7.1.7
      uv: 1.3.1
      yaml: 1.10.2
      yargs: 17.1.1
    dev: false

  /@messageformat/core/3.0.0:
    resolution: {integrity: sha512-mzMCyADGweNmnMwV/xjKxtXtkXJNVcK5ATOHx4Q0GVr2Z3++in1VfrB/y6jM43nleK27tFO0Y/9pds5vxWqDvQ==}
    dependencies:
      '@messageformat/date-skeleton': 1.0.0
      '@messageformat/number-skeleton': 1.0.0
      '@messageformat/parser': 5.0.0
      '@messageformat/runtime': 3.0.0
      make-plural: 6.2.2
      safe-identifier: 0.4.2
    dev: false

  /@messageformat/date-skeleton/1.0.0:
    resolution: {integrity: sha512-vvj5Sd3VyXUHGbYpiFsPsSQ8pkdUM9vrR/NUbyP6ga3UqJH4p9eCwzfwaCAZatZMYMTyiKG/8QbUyGKHeTZ5kw==}
    dev: false

  /@messageformat/number-skeleton/1.0.0:
    resolution: {integrity: sha512-Pe1HX/VG0q7tclM/ri85I4FKYd7Uc3gluSZbRaK1+jcXdT9Biw2hLAKyMsiz2tM6zLiK1xX+K0NMDO4RIstQig==}
    dev: false

  /@messageformat/parser/5.0.0:
    resolution: {integrity: sha512-WiDKhi8F0zQaFU8cXgqq69eYFarCnTVxKcvhAONufKf0oUxbqLMW6JX6rV4Hqh+BEQWGyKKKHY4g1XA6bCLylA==}
    dependencies:
      moo: 0.5.1
    dev: false

  /@messageformat/runtime/3.0.0:
    resolution: {integrity: sha512-boV0oH8jnJM/qoynQKnIbnKK5M7JPpKM0y9QUB9nQMMt16qSlgi5FfUo8usgoq6wEYqxDmIqtUfBewcj2VP+yQ==}
    dependencies:
      make-plural: 6.2.2
    dev: false

  /ansi-regex/5.0.1:
    resolution: {integrity: sha512-quJQXlTSUGL2LH9SUXo8VwsY4soanhgo6LNSm84E1LBcE8s3O0wpdiRzyR9z/ZZJMlMWv37qOOb9pdJlMUEKFQ==}
    engines: {node: '>=8'}
    dev: false

  /ansi-styles/4.3.0:
    resolution: {integrity: sha512-zbB9rCJAT1rbjiVDb2hqKFHNYLxgtk8NURxZ3IZwD3F6NtxbXZQCnnSi1Lkx+IDohdPlFp222wVALIheZJQSEg==}
    engines: {node: '>=8'}
    dependencies:
      color-convert: 2.0.1
    dev: false

  /balanced-match/1.0.2:
    resolution: {integrity: sha512-3oSeUO0TMV67hN1AmbXsK4yaqU7tjiHlbxRDZOpH0KW9+CeX4bRAaX0Anxt0tx2MrpRpWwQaPwIlISEJhYU5Pw==}
    dev: false

  /brace-expansion/1.1.11:
    resolution: {integrity: sha512-iCuPHDFgrHX7H2vEI/5xpz07zSHB00TpugqhmYtVmMO6518mCuRMoOYFldEBl0g187ufozdaHgWKcYFb61qGiA==}
    dependencies:
      balanced-match: 1.0.2
      concat-map: 0.0.1
    dev: false

  /cliui/7.0.4:
    resolution: {integrity: sha512-OcRE68cOsVMXp1Yvonl/fzkQOyjLSu/8bhPDfQt0e0/Eb283TKP20Fs2MqoPsr9SwA595rRCA+QMzYc9nBP+JQ==}
    dependencies:
      string-width: 4.2.2
      strip-ansi: 6.0.0
      wrap-ansi: 7.0.0
    dev: false

  /color-convert/2.0.1:
    resolution: {integrity: sha512-RRECPsj7iu/xb5oKYcsFHSppFNnsj/52OVTRKb4zP5onXwVF3zVmmToNcOfGC+CRDpfK/U584fMg38ZHCaElKQ==}
    engines: {node: '>=7.0.0'}
    dependencies:
      color-name: 1.1.4
    dev: false

  /color-name/1.1.4:
    resolution: {integrity: sha512-dOy+3AuW3a2wNbZHIuMZpTcgjGuLU/uBL/ubcZF9OXbDo8ff4O8yVp5Bf0efS8uEoYo5q4Fx7dY9OgQGXgAsQA==}
    dev: false

  /concat-map/0.0.1:
    resolution: {integrity: sha1-2Klr13/Wjfd5OnMDajug1UBdR3s=}
    dev: false

  /dot-properties/1.0.1:
    resolution: {integrity: sha512-cjIHHKlf2dPINJ5Io3lPocWvWmthXn3ztqyHVzUfufRiCiPECb0oiEqEGbEGaunFZtcMvwgUcxP9CTpLG4KCsA==}
    dev: false

  /emoji-regex/8.0.0:
    resolution: {integrity: sha512-MSjYzcWNOA0ewAHpz0MxpYFvwg6yjy1NG3xteoqz644VCo/RPgnr1/GGt+ic3iJTzQ8Eu3TdM14SawnVUmGE6A==}
    dev: false

  /escalade/3.1.1:
    resolution: {integrity: sha512-k0er2gUkLf8O0zKJiAhmkTnJlTvINGv7ygDNPbeIsX/TJjGJZHuh9B2UxbsaEkmlEo9MfhrSzmhIlhRlI2GXnw==}
    engines: {node: '>=6'}
    dev: false

  /fs.realpath/1.0.0:
    resolution: {integrity: sha1-FQStJSMVjKpA20onh8sBQRmU6k8=}
    dev: false

  /get-caller-file/2.0.5:
    resolution: {integrity: sha512-DyFP3BM/3YHTQOCUL/w0OZHR0lpKeGrxotcHWcqNEdnltqFwXVfhEBQ94eIo34AfQpo0rGki4cyIiftY06h2Fg==}
    engines: {node: 6.* || 8.* || >= 10.*}
    dev: false

  /glob/7.1.7:
    resolution: {integrity: sha512-OvD9ENzPLbegENnYP5UUfJIirTg4+XwMWGaQfQTY0JenxNvvIKP3U3/tAQSPIu/lHxXYSZmpXlUHeqAIdKzBLQ==}
    dependencies:
      fs.realpath: 1.0.0
      inflight: 1.0.6
      inherits: 2.0.4
      minimatch: 3.0.4
      once: 1.4.0
      path-is-absolute: 1.0.1
    dev: false

  /inflight/1.0.6:
    resolution: {integrity: sha1-Sb1jMdfQLQwJvJEKEHW6gWW1bfk=}
    dependencies:
      once: 1.4.0
      wrappy: 1.0.2
    dev: false

  /inherits/2.0.4:
    resolution: {integrity: sha512-k/vGaX4/Yla3WzyMCvTQOXYeIHvqOKtnqBduzTHpzpQZzAskKMhZ2K+EnBiSM9zGSoIFeMpXKxa4dYeZIQqewQ==}
    dev: false

  /is-fullwidth-code-point/3.0.0:
    resolution: {integrity: sha512-zymm5+u+sCsSWyD9qNaejV3DFvhCKclKdizYaJUuHA83RLjb7nSuGnddCHGv0hk+KY7BMAlsWeK4Ueg6EV6XQg==}
    engines: {node: '>=8'}
    dev: false

  /make-plural/6.2.2:
    resolution: {integrity: sha512-8iTuFioatnTTmb/YJjywkVIHLjcwkFD9Ms0JpxjEm9Mo8eQYkh1z+55dwv4yc1jQ8ftVBxWQbihvZL1DfzGGWA==}
    dev: false

  /minimatch/3.0.4:
    resolution: {integrity: sha512-yJHVQEhyqPLUTgt9B83PXu6W3rx4MvvHvSUvToogpwoGDOUQ+yDrR0HRot+yOCdCO7u4hX3pWft6kWBBcqh0UA==}
    dependencies:
      brace-expansion: 1.1.11
    dev: false

  /moo/0.5.1:
    resolution: {integrity: sha512-I1mnb5xn4fO80BH9BLcF0yLypy2UKl+Cb01Fu0hJRkJjlCRtxZMWkTdAtDd5ZqCOxtCkhmRwyI57vWT+1iZ67w==}
    dev: false

  /once/1.4.0:
    resolution: {integrity: sha1-WDsap3WWHUsROsF9nFC6753Xa9E=}
    dependencies:
      wrappy: 1.0.2
    dev: false

  /path-is-absolute/1.0.1:
    resolution: {integrity: sha1-F0uSaHNVNP+8es5r9TpanhtcX18=}
    engines: {node: '>=0.10.0'}
    dev: false

  /require-directory/2.1.1:
    resolution: {integrity: sha1-jGStX9MNqxyXbiNE/+f3kqam30I=}
    engines: {node: '>=0.10.0'}
    dev: false

  /safe-identifier/0.4.2:
    resolution: {integrity: sha512-6pNbSMW6OhAi9j+N8V+U715yBQsaWJ7eyEUaOrawX+isg5ZxhUlV1NipNtgaKHmFGiABwt+ZF04Ii+3Xjkg+8w==}
    dev: false

  /string-width/4.2.2:
    resolution: {integrity: sha512-XBJbT3N4JhVumXE0eoLU9DCjcaF92KLNqTmFCnG1pf8duUxFGwtP6AD6nkjw9a3IdiRtL3E2w3JDiE/xi3vOeA==}
    engines: {node: '>=8'}
    dependencies:
      emoji-regex: 8.0.0
      is-fullwidth-code-point: 3.0.0
      strip-ansi: 6.0.0
    dev: false

  /strip-ansi/6.0.0:
    resolution: {integrity: sha512-AuvKTrTfQNYNIctbR1K/YGTR1756GycPsg7b9bdV9Duqur4gv6aKqHXah67Z8ImS7WEz5QVcOtlfW2rZEugt6w==}
    engines: {node: '>=8'}
    dependencies:
      ansi-regex: 5.0.1
    dev: false

  /uv/1.3.1:
    resolution: {integrity: sha512-y36A3ZlG3iafvJsrKuTL/hHOWAVDsAoxTDbWiCAALqp9+HIPf6gbK1NAc09maTSOUdE3Boi5H7We+7NW/2bLxg==}
    engines: {node: '>=6.0'}
    dev: false

  /wrap-ansi/7.0.0:
    resolution: {integrity: sha512-YVGIj2kamLSTxw6NsZjoBxfSwsn0ycdesmc4p+Q21c5zPuZ1pl+NfxVdxPtdHvmNVOQ6XSYG4AUtyt/Fi7D16Q==}
    engines: {node: '>=10'}
    dependencies:
      ansi-styles: 4.3.0
      string-width: 4.2.2
      strip-ansi: 6.0.0
    dev: false

  /wrappy/1.0.2:
    resolution: {integrity: sha1-tSQ9jz7BqjXxNkYFvA0QNuMKtp8=}
    dev: false

  /y18n/5.0.8:
    resolution: {integrity: sha512-0pfFzegeDWJHJIAmTLRP2DwHjdF5s7jo9tuztdQxAhINCdvS+3nGINqPd00AphqJR/0LhANUS6/+7SCb98YOfA==}
    engines: {node: '>=10'}
    dev: false

  /yaml/1.10.2:
    resolution: {integrity: sha512-r3vXyErRCYJ7wg28yvBY5VSoAF8ZvlcW9/BwUzEtUsjvX/DKs24dIkuwjtuprwJJHsbyUbLApepYTR1BN4uHrg==}
    engines: {node: '>= 6'}
    dev: false

  /yargs-parser/20.2.9:
    resolution: {integrity: sha512-y11nGElTIV+CT3Zv9t7VKl+Q3hTQoT9a1Qzezhhl6Rp21gJ/IVTW7Z3y9EWXhuUBC2Shnf+DX0antecpAwSP8w==}
    engines: {node: '>=10'}
    dev: false

  /yargs/17.1.1:
    resolution: {integrity: sha512-c2k48R0PwKIqKhPMWjeiF6y2xY/gPMUlro0sgxqXpbOIohWiLNXWslsootttv7E1e73QPAMQSg5FeySbVcpsPQ==}
    engines: {node: '>=12'}
    dependencies:
      cliui: 7.0.4
      escalade: 3.1.1
      get-caller-file: 2.0.5
      require-directory: 2.1.1
      string-width: 4.2.2
      y18n: 5.0.8
      yargs-parser: 20.2.9
    dev: false
